Microsoft Visual Studio Solution File, Format Version 12.00
# Visual Studio Version 16
VisualStudioVersion = 16.0.31005.135
MinimumVisualStudioVersion = 15.0.26124.0
Project("{2150E333-8FDC-42A3-9474-1A3956D46DE8}") = "src", "src", "{D0054087-EC80-4FF4-939E-B91706561645}"
EndProject
Project("{9A19103F-16F7-4668-BE54-9A1E7A4F7556}") = "FhirServerExporter", "src\FhirServerExporter\FhirServerExporter.csproj", "{210A9B4C-8D3C-44E9-A2FE-243DB4B86171}"
EndProject
Project("{9A19103F-16F7-4668-BE54-9A1E7A4F7556}") = "FhirServerExporter.Tests", "src\FhirServerExporter.Tests\FhirServerExporter.Tests.csproj", "{A01697C4-FE03-4D33-A18E-9E29AF6BBEDD}"
EndProject
Global
	GlobalSection(SolutionConfigurationPlatforms) = preSolution
		Debug|Any CPU = Debug|Any CPU
		Debug|x64 = Debug|x64
		Debug|x86 = Debug|x86
		Release|Any CPU = Release|Any CPU
		Release|x64 = Release|x64
		Release|x86 = Release|x86
	EndGlobalSection
	GlobalSection(ProjectConfigurationPlatforms) = postSolution
		{210A9B4C-8D3C-44E9-A2FE-243DB4B86171}.Debug|Any CPU.ActiveCfg = Debug|Any CPU
		{210A9B4C-8D3C-44E9-A2FE-243DB4B86171}.Debug|Any CPU.Build.0 = Debug|Any CPU
		{210A9B4C-8D3C-44E9-A2FE-243DB4B86171}.Debug|x64.ActiveCfg = Debug|Any CPU
		{210A9B4C-8D3C-44E9-A2FE-243DB4B86171}.Debug|x64.Build.0 = Debug|Any CPU
		{210A9B4C-8D3C-44E9-A2FE-243DB4B86171}.Debug|x86.ActiveCfg = Debug|Any CPU
		{210A9B4C-8D3C-44E9-A2FE-243DB4B86171}.Debug|x86.Build.0 = Debug|Any CPU
		{210A9B4C-8D3C-44E9-A2FE-243DB4B86171}.Release|Any CPU.ActiveCfg = Release|Any CPU
		{210A9B4C-8D3C-44E9-A2FE-243DB4B86171}.Release|Any CPU.Build.0 = Release|Any CPU
		{210A9B4C-8D3C-44E9-A2FE-243DB4B86171}.Release|x64.ActiveCfg = Release|Any CPU
		{210A9B4C-8D3C-44E9-A2FE-243DB4B86171}.Release|x64.Build.0 = Release|Any CPU
		{210A9B4C-8D3C-44E9-A2FE-243DB4B86171}.Release|x86.ActiveCfg = Release|Any CPU
		{210A9B4C-8D3C-44E9-A2FE-243DB4B86171}.Release|x86.Build.0 = Release|Any CPU
		{A01697C4-FE03-4D33-A18E-9E29AF6BBEDD}.Debug|Any CPU.ActiveCfg = Debug|Any CPU
		{A01697C4-FE03-4D33-A18E-9E29AF6BBEDD}.Debug|Any CPU.Build.0 = Debug|Any CPU
		{A01697C4-FE03-4D33-A18E-9E29AF6BBEDD}.Debug|x64.ActiveCfg = Debug|Any CPU
		{A01697C4-FE03-4D33-A18E-9E29AF6BBEDD}.Debug|x64.Build.0 = Debug|Any CPU
		{A01697C4-FE03-4D33-A18E-9E29AF6BBEDD}.Debug|x86.ActiveCfg = Debug|Any CPU
		{A01697C4-FE03-4D33-A18E-9E29AF6BBEDD}.Debug|x86.Build.0 = Debug|Any CPU
		{A01697C4-FE03-4D33-A18E-9E29AF6BBEDD}.Release|Any CPU.ActiveCfg = Release|Any CPU
		{A01697C4-FE03-4D33-A18E-9E29AF6BBEDD}.Release|Any CPU.Build.0 = Release|Any CPU
		{A01697C4-FE03-4D33-A18E-9E29AF6BBEDD}.Release|x64.ActiveCfg = Release|Any CPU
		{A01697C4-FE03-4D33-A18E-9E29AF6BBEDD}.Release|x64.Build.0 = Release|Any CPU
		{A01697C4-FE03-4D33-A18E-9E29AF6BBEDD}.Release|x86.ActiveCfg = Release|Any CPU
		{A01697C4-FE03-4D33-A18E-9E29AF6BBEDD}.Release|x86.Build.0 = Release|Any CPU
	EndGlobalSection
	GlobalSection(SolutionProperties) = preSolution
		HideSolutionNode = FALSE
	EndGlobalSection
	GlobalSection(NestedProjects) = preSolution
		{210A9B4C-8D3C-44E9-A2FE-243DB4B86171} = {D0054087-EC80-4FF4-939E-B91706561645}
	EndGlobalSection
	GlobalSection(ExtensibilityGlobals) = postSolution
		SolutionGuid = {A7795E50-FF25-4BEF-AA07-FE9BDD87D8EB}
	EndGlobalSection
EndGlobal
